
Microsoft Visual Studio Solution File, Format Version 12.00
# Visual Studio Version 17
VisualStudioVersion = 17.3.32825.248
MinimumVisualStudioVersion = 10.0.40219.1
Project("{FAE04EC0-301F-11D3-BF4B-00C04F79EFBC}") = "Gr_44_ConsoleAppStringBuilding", "Gr_44_ConsoleAppStringBuilding\Gr_44_ConsoleAppStringBuilding.csproj", "{DAB93D9C-0369-418E-9C95-CD5B7C7F5216}"
EndProject
Global
	GlobalSection(SolutionConfigurationPlatforms) = preSolution
		Debug|Any CPU = Debug|Any CPU
		Release|Any CPU = Release|Any CPU
	EndGlobalSection
	GlobalSection(ProjectConfigurationPlatforms) = postSolution
		{DAB93D9C-0369-418E-9C95-CD5B7C7F5216}.Debug|Any CPU.ActiveCfg = Debug|Any CPU
		{DAB93D9C-0369-418E-9C95-CD5B7C7F5216}.Debug|Any CPU.Build.0 = Debug|Any CPU
		{DAB93D9C-0369-418E-9C95-CD5B7C7F5216}.Release|Any CPU.ActiveCfg = Release|Any CPU
		{DAB93D9C-0369-418E-9C95-CD5B7C7F5216}.Release|Any CPU.Build.0 = Release|Any CPU
	EndGlobalSection
	GlobalSection(SolutionProperties) = preSolution
		HideSolutionNode = FALSE
	EndGlobalSection
	GlobalSection(ExtensibilityGlobals) = postSolution
		SolutionGuid = {3AF9E291-6257-49AD-BB10-84C69FE16F7D}
	EndGlobalSection
EndGlobal
